
Microsoft Visual Studio Solution File, Format Version 11.00
# Visual Basic Express 2010
Project("{F184B08F-C81C-45F6-A57F-5ABD9991F28F}") = "VBOnyx", "VBOnyx\VBOnyx.vbproj", "{56F8082F-BE42-4843-B34E-2A0560E6F755}"
EndProject
Global
	GlobalSection(SolutionConfigurationPlatforms) = preSolution
		Debug|x86 = Debug|x86
		Release|x86 = Release|x86
	EndGlobalSection
	GlobalSection(ProjectConfigurationPlatforms) = postSolution
		{56F8082F-BE42-4843-B34E-2A0560E6F755}.Debug|x86.ActiveCfg = Debug|x86
		{56F8082F-BE42-4843-B34E-2A0560E6F755}.Debug|x86.Build.0 = Debug|x86
		{56F8082F-BE42-4843-B34E-2A0560E6F755}.Release|x86.ActiveCfg = Release|x86
		{56F8082F-BE42-4843-B34E-2A0560E6F755}.Release|x86.Build.0 = Release|x86
	EndGlobalSection
	GlobalSection(SolutionProperties) = preSolution
		HideSolutionNode = FALSE
	EndGlobalSection
EndGlobal
